hash: 568db4747be1d5b1e488f9403ff1b43713608692e59bb0c869c04190ebfa0128
updated: 2016-07-05T18:57:42.830219684-04:00
imports:
- name: github.com/codegangsta/cli
  version: 1efa31f08b9333f1bd4882d61f9d668a70cd902e
- name: github.com/urfave/cli
  version: 1efa31f08b9333f1bd4882d61f9d668a70cd902e
devImports: []
